
Microsoft Visual Studio Solution File, Format Version 12.00
# Visual Studio Version 16
VisualStudioVersion = 16.0.29728.190
MinimumVisualStudioVersion = 10.0.40219.1
Project("{9A19103F-16F7-4668-BE54-9A1E7A4F7556}") = "LulCaster.UI.Console", "LulCaster\LulCaster.UI.Console.csproj", "{F3989D54-9308-4B81-B3B9-ACCE035AC323}"
EndProject
Project("{9A19103F-16F7-4668-BE54-9A1E7A4F7556}") = "LulCaster.Utility.Service", "LulCaster.Utility.Service\LulCaster.Utility.Service.csproj", "{30C9448D-4B21-4B7B-BA35-9FAA70778D68}"
EndProject
Project("{9A19103F-16F7-4668-BE54-9A1E7A4F7556}") = "LulCaster.Utility.Common", "LulCaster.Utility.Common\LulCaster.Utility.Common.csproj", "{FCA53693-0580-4CE2-8306-7A69F16FB7DF}"
EndProject
Project("{9A19103F-16F7-4668-BE54-9A1E7A4F7556}") = "LulCaster.Utility.ScreenCapture.Windows", "LulCaster.Utility.ScreenCapter.Windows2\LulCaster.Utility.ScreenCapture.Windows.csproj", "{11EB5026-319A-4099-8A73-793425159D5B}"
EndProject
Project("{9A19103F-16F7-4668-BE54-9A1E7A4F7556}") = "LulCaster.UI.WPF", "LulCaster.UI.WPF\LulCaster.UI.WPF.csproj", "{D2FF0782-385B-4D09-A973-C491982AB5FC}"
EndProject
Project("{2150E333-8FDC-42A3-9474-1A3956D46DE8}") = "Solution Items", "Solution Items", "{251FB26A-1C98-4EF7-874E-71F4990F9A73}"
	ProjectSection(SolutionItems) = preProject
		README.md = README.md
	EndProjectSection
EndProject
Project("{FAE04EC0-301F-11D3-BF4B-00C04F79EFBC}") = "LulCaster.Test.UI.WPF", "LulCaster.Test.UI.WPF\LulCaster.Test.UI.WPF.csproj", "{59F1C10E-FD45-4864-8931-50453449C8A0}"
EndProject
Project("{2150E333-8FDC-42A3-9474-1A3956D46DE8}") = "Tests", "Tests", "{01CF4D53-5360-491C-B257-59559F5C27E5}"
EndProject
Global
	GlobalSection(SolutionConfigurationPlatforms) = preSolution
		Debug|Any CPU = Debug|Any CPU
		Debug|x64 = Debug|x64
		Debug|x86 = Debug|x86
		Release|Any CPU = Release|Any CPU
		Release|x64 = Release|x64
		Release|x86 = Release|x86
	EndGlobalSection
	GlobalSection(ProjectConfigurationPlatforms) = postSolution
		{F3989D54-9308-4B81-B3B9-ACCE035AC323}.Debug|Any CPU.ActiveCfg = Debug|Any CPU
		{F3989D54-9308-4B81-B3B9-ACCE035AC323}.Debug|Any CPU.Build.0 = Debug|Any CPU
		{F3989D54-9308-4B81-B3B9-ACCE035AC323}.Debug|x64.ActiveCfg = Debug|x64
		{F3989D54-9308-4B81-B3B9-ACCE035AC323}.Debug|x64.Build.0 = Debug|x64
		{F3989D54-9308-4B81-B3B9-ACCE035AC323}.Debug|x86.ActiveCfg = Debug|Any CPU
		{F3989D54-9308-4B81-B3B9-ACCE035AC323}.Debug|x86.Build.0 = Debug|Any CPU
		{F3989D54-9308-4B81-B3B9-ACCE035AC323}.Release|Any CPU.ActiveCfg = Release|Any CPU
		{F3989D54-9308-4B81-B3B9-ACCE035AC323}.Release|Any CPU.Build.0 = Release|Any CPU
		{F3989D54-9308-4B81-B3B9-ACCE035AC323}.Release|x64.ActiveCfg = Release|x64
		{F3989D54-9308-4B81-B3B9-ACCE035AC323}.Release|x64.Build.0 = Release|x64
		{F3989D54-9308-4B81-B3B9-ACCE035AC323}.Release|x86.ActiveCfg = Release|Any CPU
		{F3989D54-9308-4B81-B3B9-ACCE035AC323}.Release|x86.Build.0 = Release|Any CPU
		{30C9448D-4B21-4B7B-BA35-9FAA70778D68}.Debug|Any CPU.ActiveCfg = Debug|Any CPU
		{30C9448D-4B21-4B7B-BA35-9FAA70778D68}.Debug|Any CPU.Build.0 = Debug|Any CPU
		{30C9448D-4B21-4B7B-BA35-9FAA70778D68}.Debug|x64.ActiveCfg = Debug|x64
		{30C9448D-4B21-4B7B-BA35-9FAA70778D68}.Debug|x64.Build.0 = Debug|x64
		{30C9448D-4B21-4B7B-BA35-9FAA70778D68}.Debug|x86.ActiveCfg = Debug|Any CPU
		{30C9448D-4B21-4B7B-BA35-9FAA70778D68}.Debug|x86.Build.0 = Debug|Any CPU
		{30C9448D-4B21-4B7B-BA35-9FAA70778D68}.Release|Any CPU.ActiveCfg = Release|Any CPU
		{30C9448D-4B21-4B7B-BA35-9FAA70778D68}.Release|Any CPU.Build.0 = Release|Any CPU
		{30C9448D-4B21-4B7B-BA35-9FAA70778D68}.Release|x64.ActiveCfg = Release|x64
		{30C9448D-4B21-4B7B-BA35-9FAA70778D68}.Release|x64.Build.0 = Release|x64
		{30C9448D-4B21-4B7B-BA35-9FAA70778D68}.Release|x86.ActiveCfg = Release|Any CPU
		{30C9448D-4B21-4B7B-BA35-9FAA70778D68}.Release|x86.Build.0 = Release|Any CPU
		{FCA53693-0580-4CE2-8306-7A69F16FB7DF}.Debug|Any CPU.ActiveCfg = Debug|Any CPU
		{FCA53693-0580-4CE2-8306-7A69F16FB7DF}.Debug|Any CPU.Build.0 = Debug|Any CPU
		{FCA53693-0580-4CE2-8306-7A69F16FB7DF}.Debug|x64.ActiveCfg = Debug|x64
		{FCA53693-0580-4CE2-8306-7A69F16FB7DF}.Debug|x64.Build.0 = Debug|x64
		{FCA53693-0580-4CE2-8306-7A69F16FB7DF}.Debug|x86.ActiveCfg = Debug|Any CPU
		{FCA53693-0580-4CE2-8306-7A69F16FB7DF}.Debug|x86.Build.0 = Debug|Any CPU
		{FCA53693-0580-4CE2-8306-7A69F16FB7DF}.Release|Any CPU.ActiveCfg = Release|Any CPU
		{FCA53693-0580-4CE2-8306-7A69F16FB7DF}.Release|Any CPU.Build.0 = Release|Any CPU
		{FCA53693-0580-4CE2-8306-7A69F16FB7DF}.Release|x64.ActiveCfg = Release|x64
		{FCA53693-0580-4CE2-8306-7A69F16FB7DF}.Release|x64.Build.0 = Release|x64
		{FCA53693-0580-4CE2-8306-7A69F16FB7DF}.Release|x86.ActiveCfg = Release|Any CPU
		{FCA53693-0580-4CE2-8306-7A69F16FB7DF}.Release|x86.Build.0 = Release|Any CPU
		{11EB5026-319A-4099-8A73-793425159D5B}.Debug|Any CPU.ActiveCfg = Debug|Any CPU
		{11EB5026-319A-4099-8A73-793425159D5B}.Debug|Any CPU.Build.0 = Debug|Any CPU
		{11EB5026-319A-4099-8A73-793425159D5B}.Debug|x64.ActiveCfg = Debug|x64
		{11EB5026-319A-4099-8A73-793425159D5B}.Debug|x64.Build.0 = Debug|x64
		{11EB5026-319A-4099-8A73-793425159D5B}.Debug|x86.ActiveCfg = Debug|Any CPU
		{11EB5026-319A-4099-8A73-793425159D5B}.Debug|x86.Build.0 = Debug|Any CPU
		{11EB5026-319A-4099-8A73-793425159D5B}.Release|Any CPU.ActiveCfg = Release|Any CPU
		{11EB5026-319A-4099-8A73-793425159D5B}.Release|Any CPU.Build.0 = Release|Any CPU
		{11EB5026-319A-4099-8A73-793425159D5B}.Release|x64.ActiveCfg = Release|x64
		{11EB5026-319A-4099-8A73-793425159D5B}.Release|x64.Build.0 = Release|x64
		{11EB5026-319A-4099-8A73-793425159D5B}.Release|x86.ActiveCfg = Release|Any CPU
		{11EB5026-319A-4099-8A73-793425159D5B}.Release|x86.Build.0 = Release|Any CPU
		{D2FF0782-385B-4D09-A973-C491982AB5FC}.Debug|Any CPU.ActiveCfg = Debug|Any CPU
		{D2FF0782-385B-4D09-A973-C491982AB5FC}.Debug|Any CPU.Build.0 = Debug|Any CPU
		{D2FF0782-385B-4D09-A973-C491982AB5FC}.Debug|x64.ActiveCfg = Debug|x64
		{D2FF0782-385B-4D09-A973-C491982AB5FC}.Debug|x64.Build.0 = Debug|x64
		{D2FF0782-385B-4D09-A973-C491982AB5FC}.Debug|x86.ActiveCfg = Debug|x86
		{D2FF0782-385B-4D09-A973-C491982AB5FC}.Debug|x86.Build.0 = Debug|x86
		{D2FF0782-385B-4D09-A973-C491982AB5FC}.Release|Any CPU.ActiveCfg = Release|Any CPU
		{D2FF0782-385B-4D09-A973-C491982AB5FC}.Release|Any CPU.Build.0 = Release|Any CPU
		{D2FF0782-385B-4D09-A973-C491982AB5FC}.Release|x64.ActiveCfg = Release|x64
		{D2FF0782-385B-4D09-A973-C491982AB5FC}.Release|x64.Build.0 = Release|x64
		{D2FF0782-385B-4D09-A973-C491982AB5FC}.Release|x86.ActiveCfg = Release|x86
		{D2FF0782-385B-4D09-A973-C491982AB5FC}.Release|x86.Build.0 = Release|x86
		{59F1C10E-FD45-4864-8931-50453449C8A0}.Debug|Any CPU.ActiveCfg = Debug|Any CPU
		{59F1C10E-FD45-4864-8931-50453449C8A0}.Debug|Any CPU.Build.0 = Debug|Any CPU
		{59F1C10E-FD45-4864-8931-50453449C8A0}.Debug|x64.ActiveCfg = Debug|Any CPU
		{59F1C10E-FD45-4864-8931-50453449C8A0}.Debug|x64.Build.0 = Debug|Any CPU
		{59F1C10E-FD45-4864-8931-50453449C8A0}.Debug|x86.ActiveCfg = Debug|Any CPU
		{59F1C10E-FD45-4864-8931-50453449C8A0}.Debug|x86.Build.0 = Debug|Any CPU
		{59F1C10E-FD45-4864-8931-50453449C8A0}.Release|Any CPU.ActiveCfg = Release|Any CPU
		{59F1C10E-FD45-4864-8931-50453449C8A0}.Release|Any CPU.Build.0 = Release|Any CPU
		{59F1C10E-FD45-4864-8931-50453449C8A0}.Release|x64.ActiveCfg = Release|Any CPU
		{59F1C10E-FD45-4864-8931-50453449C8A0}.Release|x64.Build.0 = Release|Any CPU
		{59F1C10E-FD45-4864-8931-50453449C8A0}.Release|x86.ActiveCfg = Release|Any CPU
		{59F1C10E-FD45-4864-8931-50453449C8A0}.Release|x86.Build.0 = Release|Any CPU
	EndGlobalSection
	GlobalSection(SolutionProperties) = preSolution
		HideSolutionNode = FALSE
	EndGlobalSection
	GlobalSection(NestedProjects) = preSolution
		{59F1C10E-FD45-4864-8931-50453449C8A0} = {251FB26A-1C98-4EF7-874E-71F4990F9A73}
	EndGlobalSection
	GlobalSection(ExtensibilityGlobals) = postSolution
		SolutionGuid = {B0354464-1396-449B-B544-E6F46BCCE109}
	EndGlobalSection
EndGlobal
