
Microsoft Visual Studio Solution File, Format Version 12.00
# Visual Studio 15
VisualStudioVersion = 15.0.28307.572
MinimumVisualStudioVersion = 10.0.40219.1
Project("{FAE04EC0-301F-11D3-BF4B-00C04F79EFBC}") = "LulCaster.UI.Console", "LulCaster\LulCaster.UI.Console.csproj", "{F3989D54-9308-4B81-B3B9-ACCE035AC323}"
EndProject
Project("{FAE04EC0-301F-11D3-BF4B-00C04F79EFBC}") = "LulCaster.Utility.ScreenCapture.Windows", "LulCaster.Utility.ScreenCapture\LulCaster.Utility.ScreenCapture.Windows.csproj", "{9CAC1529-628E-495E-B3D7-8499896A956B}"
EndProject
Project("{FAE04EC0-301F-11D3-BF4B-00C04F79EFBC}") = "LulCaster.Utility.Service", "LulCaster.Utility.Service\LulCaster.Utility.Service.csproj", "{30C9448D-4B21-4B7B-BA35-9FAA70778D68}"
EndProject
Project("{FAE04EC0-301F-11D3-BF4B-00C04F79EFBC}") = "LulCaster.Utility.Common", "LulCaster.Utility.Common\LulCaster.Utility.Common.csproj", "{FCA53693-0580-4CE2-8306-7A69F16FB7DF}"
EndProject
Global
	GlobalSection(SolutionConfigurationPlatforms) = preSolution
		Debug|Any CPU = Debug|Any CPU
		Release|Any CPU = Release|Any CPU
	EndGlobalSection
	GlobalSection(ProjectConfigurationPlatforms) = postSolution
		{F3989D54-9308-4B81-B3B9-ACCE035AC323}.Debug|Any CPU.ActiveCfg = Debug|Any CPU
		{F3989D54-9308-4B81-B3B9-ACCE035AC323}.Debug|Any CPU.Build.0 = Debug|Any CPU
		{F3989D54-9308-4B81-B3B9-ACCE035AC323}.Release|Any CPU.ActiveCfg = Release|Any CPU
		{F3989D54-9308-4B81-B3B9-ACCE035AC323}.Release|Any CPU.Build.0 = Release|Any CPU
		{9CAC1529-628E-495E-B3D7-8499896A956B}.Debug|Any CPU.ActiveCfg = Debug|Any CPU
		{9CAC1529-628E-495E-B3D7-8499896A956B}.Debug|Any CPU.Build.0 = Debug|Any CPU
		{9CAC1529-628E-495E-B3D7-8499896A956B}.Release|Any CPU.ActiveCfg = Release|Any CPU
		{9CAC1529-628E-495E-B3D7-8499896A956B}.Release|Any CPU.Build.0 = Release|Any CPU
		{30C9448D-4B21-4B7B-BA35-9FAA70778D68}.Debug|Any CPU.ActiveCfg = Debug|Any CPU
		{30C9448D-4B21-4B7B-BA35-9FAA70778D68}.Debug|Any CPU.Build.0 = Debug|Any CPU
		{30C9448D-4B21-4B7B-BA35-9FAA70778D68}.Release|Any CPU.ActiveCfg = Release|Any CPU
		{30C9448D-4B21-4B7B-BA35-9FAA70778D68}.Release|Any CPU.Build.0 = Release|Any CPU
		{FCA53693-0580-4CE2-8306-7A69F16FB7DF}.Debug|Any CPU.ActiveCfg = Debug|Any CPU
		{FCA53693-0580-4CE2-8306-7A69F16FB7DF}.Debug|Any CPU.Build.0 = Debug|Any CPU
		{FCA53693-0580-4CE2-8306-7A69F16FB7DF}.Release|Any CPU.ActiveCfg = Release|Any CPU
		{FCA53693-0580-4CE2-8306-7A69F16FB7DF}.Release|Any CPU.Build.0 = Release|Any CPU
	EndGlobalSection
	GlobalSection(SolutionProperties) = preSolution
		HideSolutionNode = FALSE
	EndGlobalSection
	GlobalSection(ExtensibilityGlobals) = postSolution
		SolutionGuid = {B0354464-1396-449B-B544-E6F46BCCE109}
	EndGlobalSection
EndGlobal
